{
  "version": 4,
  "terraform_version": "1.9.4",
  "serial": 28,
  "lineage": "e5da699b-1604-985b-8c22-b20c7026ec50",
  "outputs": {
    "created_repository_names": {
      "value": [
        "repo1",
        "repo2"
      ],
      "type": [
        "tuple",
        [
          "string",
          "string"
        ]
      ]
    }
  },
  "resources": [
    {
      "module": "module.repository",
      "mode": "managed",
      "type": "github_repository",
      "name": "repositories",
      "provider": "provider[\"registry.terraform.io/integrations/github\"]",
      "instances": [
        {
          "index_key": "repo1",
          "schema_version": 1,
          "attributes": {
            "allow_auto_merge": false,
            "allow_merge_commit": true,
            "allow_rebase_merge": true,
            "allow_squash_merge": true,
            "allow_update_branch": true,
            "archive_on_destroy": true,
            "archived": false,
            "auto_init": true,
            "default_branch": "main",
            "delete_branch_on_merge": true,
            "description": "Repository One",
            "etag": "W/\"2fcfccfffd1de5a58033fbc7c02f93c233e8dcdf9417bea7a2fec1115eaecbf0\"",
            "full_name": "krunalsabnis/repo1",
            "git_clone_url": "git://github.com/krunalsabnis/repo1.git",
            "gitignore_template": "Go",
            "has_discussions": false,
            "has_downloads": true,
            "has_issues": true,
            "has_projects": true,
            "has_wiki": true,
            "homepage_url": "https://example.com/repo1",
            "html_url": "https://github.com/krunalsabnis/repo1",
            "http_clone_url": "https://github.com/krunalsabnis/repo1.git",
            "id": "repo1",
            "ignore_vulnerability_alerts_during_read": null,
            "is_template": false,
            "license_template": "mit",
            "merge_commit_message": "PR_BODY",
            "merge_commit_title": "PR_TITLE",
            "name": "repo1",
            "node_id": "R_kgDOMiE-uQ",
            "pages": [
              {
                "build_type": "legacy",
                "cname": "",
                "custom_404": false,
                "html_url": "https://krunalsabnis.github.io/repo1/",
                "source": [
                  {
                    "branch": "main",
                    "path": "/docs"
                  }
                ],
                "status": "building",
                "url": "https://api.github.com/repos/krunalsabnis/repo1/pages"
              }
            ],
            "primary_language": "",
            "private": false,
            "repo_id": 841039545,
            "security_and_analysis": [
              {
                "advanced_security": [],
                "secret_scanning": [
                  {
                    "status": "enabled"
                  }
                ],
                "secret_scanning_push_protection": [
                  {
                    "status": "enabled"
                  }
                ]
              }
            ],
            "squash_merge_commit_message": "PR_BODY",
            "squash_merge_commit_title": "PR_TITLE",
            "ssh_clone_url": "git@github.com:krunalsabnis/repo1.git",
            "svn_url": "https://github.com/krunalsabnis/repo1",
            "template": [],
            "topics": [
              "example",
              "github",
              "terraform"
            ],
            "visibility": "public",
            "vulnerability_alerts": true,
            "web_commit_signoff_required": false
          },
          "sensitive_attributes": [],
          "private": "eyJzY2hlbWFfdmVyc2lvbiI6IjEifQ=="
        },
        {
          "index_key": "repo2",
          "status": "tainted",
          "schema_version": 1,
          "attributes": {
            "allow_auto_merge": true,
            "allow_merge_commit": true,
            "allow_rebase_merge": false,
            "allow_squash_merge": false,
            "allow_update_branch": true,
            "archive_on_destroy": true,
            "archived": false,
            "auto_init": false,
            "default_branch": null,
            "delete_branch_on_merge": false,
            "description": "Repository Two",
            "etag": null,
            "full_name": null,
            "git_clone_url": null,
            "gitignore_template": "Python",
            "has_discussions": true,
            "has_downloads": false,
            "has_issues": true,
            "has_projects": false,
            "has_wiki": false,
            "homepage_url": "https://example.com/repo2",
            "html_url": null,
            "http_clone_url": null,
            "id": "repo2",
            "ignore_vulnerability_alerts_during_read": null,
            "is_template": true,
            "license_template": "apache-2.0",
            "merge_commit_message": "PR_BODY",
            "merge_commit_title": "PR_TITLE",
            "name": "repo2",
            "node_id": null,
            "pages": [
              {
                "build_type": "legacy",
                "cname": "",
                "custom_404": false,
                "html_url": "",
                "source": [
                  {
                    "branch": "main",
                    "path": "/docs"
                  }
                ],
                "status": "",
                "url": ""
              }
            ],
            "primary_language": null,
            "private": null,
            "repo_id": null,
            "security_and_analysis": null,
            "squash_merge_commit_message": "PR_BODY",
            "squash_merge_commit_title": "PR_TITLE",
            "ssh_clone_url": null,
            "svn_url": null,
            "template": [],
            "topics": [
              "devops",
              "terraform"
            ],
            "visibility": "private",
            "vulnerability_alerts": false,
            "web_commit_signoff_required": false
          },
          "sensitive_attributes": [],
          "private": "eyJzY2hlbWFfdmVyc2lvbiI6IjEifQ=="
        }
      ]
    }
  ],
  "check_results": null
}
